# Locked web runtime dependencies.
# Regenerate with uv 0.12.5:
#   uv pip compile web-requirements.in --universal --output-file web-requirements.lock

certifi==2026.7.22
    # via requests
charset-normalizer==3.5.1
    # via requests
idna==3.18
    # via requests
pyiso4==0.1.6
pylatexenc==3.0a21
requests==2.34.2
unidecode==1.4.0
urllib3==2.7.0
    # via requests
